
Microsoft Visual Studio Solution File, Format Version 12.00
# Visual Studio 15
VisualStudioVersion = 15.0.27004.2005
MinimumVisualStudioVersion = 10.0.40219.1
Project("{9A19103F-16F7-4668-BE54-9A1E7A4F7556}") = "InsertionSort", "InsertionSort\InsertionSort.csproj", "{3E144A25-FFE6-4C0E-833C-A72A9EE8BEC8}"
EndProject
Global
	GlobalSection(SolutionConfigurationPlatforms) = preSolution
		Debug|Any CPU = Debug|Any CPU
		Release|Any CPU = Release|Any CPU
	EndGlobalSection
	GlobalSection(ProjectConfigurationPlatforms) = postSolution
		{3E144A25-FFE6-4C0E-833C-A72A9EE8BEC8}.Debug|Any CPU.ActiveCfg = Debug|Any CPU
		{3E144A25-FFE6-4C0E-833C-A72A9EE8BEC8}.Debug|Any CPU.Build.0 = Debug|Any CPU
		{3E144A25-FFE6-4C0E-833C-A72A9EE8BEC8}.Release|Any CPU.ActiveCfg = Release|Any CPU
		{3E144A25-FFE6-4C0E-833C-A72A9EE8BEC8}.Release|Any CPU.Build.0 = Release|Any CPU
	EndGlobalSection
	GlobalSection(SolutionProperties) = preSolution
		HideSolutionNode = FALSE
	EndGlobalSection
	GlobalSection(ExtensibilityGlobals) = postSolution
		SolutionGuid = {D106DDE8-CF90-42E1-87E7-1CAC8172B724}
	EndGlobalSection
EndGlobal
